# THIS IS AN AUTOGENERATED FILE. DO NOT EDIT THIS FILE DIRECTLY.
# yarn lockfile v1


"@types/prop-types@*":
  version "15.7.1"
  resolved "https://registry.yarnpkg.com/@types/prop-types/-/prop-types-15.7.1.tgz#f1a11e7babb0c3cad68100be381d1e064c68f1f6"
  integrity sha512-CFzn9idOEpHrgdw8JsoTkaDDyRWk1jrzIV8djzcgpq0y9tG4B4lFT+Nxh52DVpDXV+n4+NPNv7M1Dj5uMp6XFg==

"@types/react-native@^0.57.64":
  version "0.57.64"
  resolved "https://registry.yarnpkg.com/@types/react-native/-/react-native-0.57.64.tgz#bb26d57f8b0975f0562efbd41722048fb275eb47"
  integrity sha512-g8iKvLkEPB+49EKauH7rVrX0y9Gb59+kyFjBFAMOAtwMjfFqiRBK6argXowDq0L6zE8kBoAmJN7v8WGlxOKBeg==
  dependencies:
    "@types/prop-types" "*"
    "@types/react" "*"

"@types/react@*", "@types/react@^16.8.22":
  version "16.8.22"
  resolved "https://registry.yarnpkg.com/@types/react/-/react-16.8.22.tgz#7f18bf5ea0c1cad73c46b6b1c804a3ce0eec6d54"
  integrity sha512-C3O1yVqk4sUXqWyx0wlys76eQfhrQhiDhDlHBrjER76lR2S2Agiid/KpOU9oCqj1dISStscz7xXz1Cg8+sCQeA==
  dependencies:
    "@types/prop-types" "*"
    csstype "^2.2.0"

csstype@^2.2.0:
  version "2.6.5"
  resolved "https://registry.yarnpkg.com/csstype/-/csstype-2.6.5.tgz#1cd1dff742ebf4d7c991470ae71e12bb6751e034"
  integrity sha512-JsTaiksRsel5n7XwqPAfB0l3TFKdpjW/kgAELf9vrb5adGA7UCPLajKK5s3nFrcFm3Rkyp/Qkgl73ENc1UY3cA==

mobx-react-lite@1.4.0:
  version "1.4.0"
  resolved "https://registry.yarnpkg.com/mobx-react-lite/-/mobx-react-lite-1.4.0.tgz#193beb5fdddf17ae61542f65ff951d84db402351"
  integrity sha512-5xCuus+QITQpzKOjAOIQ/YxNhOl/En+PlNJF+5QU4Qxn9gnNMJBbweAdEW3HnuVQbfqDYEUnkGs5hmkIIStehg==

mobx-react@^6.1.1:
  version "6.1.1"
  resolved "https://registry.yarnpkg.com/mobx-react/-/mobx-react-6.1.1.tgz#24a2c8a3393890fa732b4efd34cc6dcccf6e0e7a"
  integrity sha512-hjACWCTpxZf9Sv1YgWF/r6HS6Nsly1SYF22qBJeUE3j+FMfoptgjf8Zmcx2d6uzA07Cezwap5Cobq9QYa0MKUw==
  dependencies:
    mobx-react-lite "1.4.0"
